
Microsoft Visual Studio Solution File, Format Version 12.00
# Visual Studio Version 17
VisualStudioVersion = 17.8.34408.163
MinimumVisualStudioVersion = 10.0.40219.1
Project("{9A19103F-16F7-4668-BE54-9A1E7A4F7556}") = "Arrays-InpuOutput", "Arrays-9a\Arrays-InpuOutput.csproj", "{429516C4-20CD-424D-8310-BEFE9000E861}"
EndProject
Project("{9A19103F-16F7-4668-BE54-9A1E7A4F7556}") = "AgregatArray", "AgregatArray\AgregatArray.csproj", "{94D0486C-E7A9-4D2C-9661-D7B853043814}"
EndProject
Project("{FAE04EC0-301F-11D3-BF4B-00C04F79EFBC}") = "ArrayWithCommands", "ArrayWithCommands\ArrayWithCommands.csproj", "{A74F9F7E-C868-46D7-94D2-8F3FF8C3AFFC}"
EndProject
Global
	GlobalSection(SolutionConfigurationPlatforms) = preSolution
		Debug|Any CPU = Debug|Any CPU
		Release|Any CPU = Release|Any CPU
	EndGlobalSection
	GlobalSection(ProjectConfigurationPlatforms) = postSolution
		{429516C4-20CD-424D-8310-BEFE9000E861}.Debug|Any CPU.ActiveCfg = Debug|Any CPU
		{429516C4-20CD-424D-8310-BEFE9000E861}.Debug|Any CPU.Build.0 = Debug|Any CPU
		{429516C4-20CD-424D-8310-BEFE9000E861}.Release|Any CPU.ActiveCfg = Release|Any CPU
		{429516C4-20CD-424D-8310-BEFE9000E861}.Release|Any CPU.Build.0 = Release|Any CPU
		{94D0486C-E7A9-4D2C-9661-D7B853043814}.Debug|Any CPU.ActiveCfg = Debug|Any CPU
		{94D0486C-E7A9-4D2C-9661-D7B853043814}.Debug|Any CPU.Build.0 = Debug|Any CPU
		{94D0486C-E7A9-4D2C-9661-D7B853043814}.Release|Any CPU.ActiveCfg = Release|Any CPU
		{94D0486C-E7A9-4D2C-9661-D7B853043814}.Release|Any CPU.Build.0 = Release|Any CPU
		{A74F9F7E-C868-46D7-94D2-8F3FF8C3AFFC}.Debug|Any CPU.ActiveCfg = Debug|Any CPU
		{A74F9F7E-C868-46D7-94D2-8F3FF8C3AFFC}.Debug|Any CPU.Build.0 = Debug|Any CPU
		{A74F9F7E-C868-46D7-94D2-8F3FF8C3AFFC}.Release|Any CPU.ActiveCfg = Release|Any CPU
		{A74F9F7E-C868-46D7-94D2-8F3FF8C3AFFC}.Release|Any CPU.Build.0 = Release|Any CPU
	EndGlobalSection
	GlobalSection(SolutionProperties) = preSolution
		HideSolutionNode = FALSE
	EndGlobalSection
	GlobalSection(ExtensibilityGlobals) = postSolution
		SolutionGuid = {A0A9BB0A-217F-4873-9C11-A14866ECFBA0}
	EndGlobalSection
EndGlobal
